// !$*UTF8*$!
{
	archiveVersion = 1;
	classes = {
	};
	objectVersion = 46;
	objects = {

/* Begin PBXBuildFile section */
		72E1289A19514BDE00FF58A8 /* AppDelegate.swift in Sources */ = {isa = PBXBuildFile; fileRef = 72E1289919514BDE00FF58A8 /* AppDelegate.swift */; };
		72E1289C19514BDE00FF58A8 /* Images.xcassets in Resources */ = {isa = PBXBuildFile; fileRef = 72E1289B19514BDE00FF58A8 /* Images.xcassets */; };
		72E128A819514BDE00FF58A8 /* SwiftAutoLayoutTests.swift in Sources */ = {isa = PBXBuildFile; fileRef = 72E128A719514BDE00FF58A8 /* SwiftAutoLayoutTests.swift */; };
		72E128B219514C3400FF58A8 /* SwiftAutoLayout.swift in Sources */ = {isa = PBXBuildFile; fileRef = 72E128B119514C3400FF58A8 /* SwiftAutoLayout.swift */; };
/* End PBXBuildFile section */

/* Begin PBXContainerItemProxy section */
		72E128A219514BDE00FF58A8 /* PBXContainerItemProxy */ = {
			isa = PBXContainerItemProxy;
			containerPortal = 72E1288C19514BDE00FF58A8 /* Project object */;
			proxyType = 1;
			remoteGlobalIDString = 72E1289319514BDE00FF58A8;
			remoteInfo = SwiftAutoLayout;
		};
/* End PBXContainerItemProxy section */

/* Begin PBXFileReference section */
		72E1289419514BDE00FF58A8 /* SwiftAutoLayout.app */ = {isa = PBXFileReference; explicitFileType = wrapper.application; includeInIndex = 0; path = SwiftAutoLayout.app; sourceTree = BUILT_PRODUCTS_DIR; };
		72E1289819514BDE00FF58A8 /* Info.plist */ = {isa = PBXFileReference; lastKnownFileType = text.plist.xml; path = Info.plist; sourceTree = "<group>"; };
		72E1289919514BDE00FF58A8 /* AppDelegate.swift */ = {isa = PBXFileReference; lastKnownFileType = sourcecode.swift; path = AppDelegate.swift; sourceTree = "<group>"; };
		72E1289B19514BDE00FF58A8 /* Images.xcassets */ = {isa = PBXFileReference; lastKnownFileType = folder.assetcatalog; path = Images.xcassets; sourceTree = "<group>"; };
		72E128A119514BDE00FF58A8 /* SwiftAutoLayoutTests.xctest */ = {isa = PBXFileReference; explicitFileType = wrapper.cfbundle; includeInIndex = 0; path = SwiftAutoLayoutTests.xctest; sourceTree = BUILT_PRODUCTS_DIR; };
		72E128A619514BDE00FF58A8 /* Info.plist */ = {isa = PBXFileReference; lastKnownFileType = text.plist.xml; path = Info.plist; sourceTree = "<group>"; };
		72E128A719514BDE00FF58A8 /* SwiftAutoLayoutTests.swift */ = {isa = PBXFileReference; lastKnownFileType = sourcecode.swift; path = SwiftAutoLayoutTests.swift; sourceTree = "<group>"; };
		72E128B119514C3400FF58A8 /* SwiftAutoLayout.swift */ = {isa = PBXFileReference; fileEncoding = 4; lastKnownFileType = sourcecode.swift; name = SwiftAutoLayout.swift; path = ../../SwiftAutoLayout.swift; sourceTree = "<group>"; };
/* End PBXFileReference section */

/* Begin PBXFrameworksBuildPhase section */
		72E1289119514BDE00FF58A8 /* Frameworks */ = {
			isa = PBXFrameworksBuildPhase;
			buildActionMask = 2147483647;
			files = (
			);
			runOnlyForDeploymentPostprocessing = 0;
		};
		72E1289E19514BDE00FF58A8 /* Frameworks */ = {
			isa = PBXFrameworksBuildPhase;
			buildActionMask = 2147483647;
			files = (
			);
			runOnlyForDeploymentPostprocessing = 0;
		};
/* End PBXFrameworksBuildPhase section */

/* Begin PBXGroup section */
		72E1288B19514BDE00FF58A8 = {
			isa = PBXGroup;
			children = (
				72E1289619514BDE00FF58A8 /* SwiftAutoLayout */,
				72E128A419514BDE00FF58A8 /* SwiftAutoLayoutTests */,
				72E1289519514BDE00FF58A8 /* Products */,
			);
			sourceTree = "<group>";
		};
		72E1289519514BDE00FF58A8 /* Products */ = {
			isa = PBXGroup;
			children = (
				72E1289419514BDE00FF58A8 /* SwiftAutoLayout.app */,
				72E128A119514BDE00FF58A8 /* SwiftAutoLayoutTests.xctest */,
			);
			name = Products;
			sourceTree = "<group>";
		};
		72E1289619514BDE00FF58A8 /* SwiftAutoLayout */ = {
			isa = PBXGroup;
			children = (
				72E1289919514BDE00FF58A8 /* AppDelegate.swift */,
				72E128B119514C3400FF58A8 /* SwiftAutoLayout.swift */,
				72E1289B19514BDE00FF58A8 /* Images.xcassets */,
				72E1289719514BDE00FF58A8 /* Supporting Files */,
			);
			path = SwiftAutoLayout;
			sourceTree = "<group>";
		};
		72E1289719514BDE00FF58A8 /* Supporting Files */ = {
			isa = PBXGroup;
			children = (
				72E1289819514BDE00FF58A8 /* Info.plist */,
			);
			name = "Supporting Files";
			sourceTree = "<group>";
		};
		72E128A419514BDE00FF58A8 /* SwiftAutoLayoutTests */ = {
			isa = PBXGroup;
			children = (
				72E128A719514BDE00FF58A8 /* SwiftAutoLayoutTests.swift */,
				72E128A519514BDE00FF58A8 /* Supporting Files */,
			);
			path = SwiftAutoLayoutTests;
			sourceTree = "<group>";
		};
		72E128A519514BDE00FF58A8 /* Supporting Files */ = {
			isa = PBXGroup;
			children = (
				72E128A619514BDE00FF58A8 /* Info.plist */,
			);
			name = "Supporting Files";
			sourceTree = "<group>";
		};
/* End PBXGroup section */

/* Begin PBXNativeTarget section */
		72E1289319514BDE00FF58A8 /* SwiftAutoLayout */ = {
			isa = PBXNativeTarget;
			buildConfigurationList = 72E128AB19514BDE00FF58A8 /* Build configuration list for PBXNativeTarget "SwiftAutoLayout" */;
			buildPhases = (
				72E1289019514BDE00FF58A8 /* Sources */,
				72E1289119514BDE00FF58A8 /* Frameworks */,
				72E1289219514BDE00FF58A8 /* Resources */,
			);
			buildRules = (
			);
			dependencies = (
			);
			name = SwiftAutoLayout;
			productName = SwiftAutoLayout;
			productReference = 72E1289419514BDE00FF58A8 /* SwiftAutoLayout.app */;
			productType = "com.apple.product-type.application";
		};
		72E128A019514BDE00FF58A8 /* SwiftAutoLayoutTests */ = {
			isa = PBXNativeTarget;
			buildConfigurationList = 72E128AE19514BDE00FF58A8 /* Build configuration list for PBXNativeTarget "SwiftAutoLayoutTests" */;
			buildPhases = (
				72E1289D19514BDE00FF58A8 /* Sources */,
				72E1289E19514BDE00FF58A8 /* Frameworks */,
				72E1289F19514BDE00FF58A8 /* Resources */,
			);
			buildRules = (
			);
			dependencies = (
				72E128A319514BDE00FF58A8 /* PBXTargetDependency */,
			);
			name = SwiftAutoLayoutTests;
			productName = SwiftAutoLayoutTests;
			productReference = 72E128A119514BDE00FF58A8 /* SwiftAutoLayoutTests.xctest */;
			productType = "com.apple.product-type.bundle.unit-test";
		};
/* End PBXNativeTarget section */

/* Begin PBXProject section */
		72E1288C19514BDE00FF58A8 /* Project object */ = {
			isa = PBXProject;
			attributes = {
				LastUpgradeCheck = 0600;
				ORGANIZATIONNAME = "Indragie Karunaratne";
				TargetAttributes = {
					72E1289319514BDE00FF58A8 = {
						CreatedOnToolsVersion = 6.0;
					};
					72E128A019514BDE00FF58A8 = {
						CreatedOnToolsVersion = 6.0;
						TestTargetID = 72E1289319514BDE00FF58A8;
					};
				};
			};
			buildConfigurationList = 72E1288F19514BDE00FF58A8 /* Build configuration list for PBXProject "SwiftAutoLayout" */;
			compatibilityVersion = "Xcode 3.2";
			developmentRegion = English;
			hasScannedForEncodings = 0;
			knownRegions = (
				en,
			);
			mainGroup = 72E1288B19514BDE00FF58A8;
			productRefGroup = 72E1289519514BDE00FF58A8 /* Products */;
			projectDirPath = "";
			projectRoot = "";
			targets = (
				72E1289319514BDE00FF58A8 /* SwiftAutoLayout */,
				72E128A019514BDE00FF58A8 /* SwiftAutoLayoutTests */,
			);
		};
/* End PBXProject section */

/* Begin PBXResourcesBuildPhase section */
		72E1289219514BDE00FF58A8 /* Resources */ = {
			isa = PBXResourcesBuildPhase;
			buildActionMask = 2147483647;
			files = (
				72E1289C19514BDE00FF58A8 /* Images.xcassets in Resources */,
			);
			runOnlyForDeploymentPostprocessing = 0;
		};
		72E1289F19514BDE00FF58A8 /* Resources */ = {
			isa = PBXResourcesBuildPhase;
			buildActionMask = 2147483647;
			files = (
			);
			runOnlyForDeploymentPostprocessing = 0;
		};
/* End PBXResourcesBuildPhase section */

/* Begin PBXSourcesBuildPhase section */
		72E1289019514BDE00FF58A8 /* Sources */ = {
			isa = PBXSourcesBuildPhase;
			buildActionMask = 2147483647;
			files = (
				72E128B219514C3400FF58A8 /* SwiftAutoLayout.swift in Sources */,
				72E1289A19514BDE00FF58A8 /* AppDelegate.swift in Sources */,
			);
			runOnlyForDeploymentPostprocessing = 0;
		};
		72E1289D19514BDE00FF58A8 /* Sources */ = {
			isa = PBXSourcesBuildPhase;
			buildActionMask = 2147483647;
			files = (
				72E128A819514BDE00FF58A8 /* SwiftAutoLayoutTests.swift in Sources */,
			);
			runOnlyForDeploymentPostprocessing = 0;
		};
/* End PBXSourcesBuildPhase section */

/* Begin PBXTargetDependency section */
		72E128A319514BDE00FF58A8 /* PBXTargetDependency */ = {
			isa = PBXTargetDependency;
			target = 72E1289319514BDE00FF58A8 /* SwiftAutoLayout */;
			targetProxy = 72E128A219514BDE00FF58A8 /* PBXContainerItemProxy */;
		};
/* End PBXTargetDependency section */

/* Begin XCBuildConfiguration section */
		72E128A919514BDE00FF58A8 /* Debug */ = {
			isa = XCBuildConfiguration;
			buildSettings = {
				ALWAYS_SEARCH_USER_PATHS = NO;
				CLANG_CXX_LANGUAGE_STANDARD = "gnu++0x";
				CLANG_CXX_LIBRARY = "libc++";
				CLANG_ENABLE_MODULES = YES;
				CLANG_ENABLE_OBJC_ARC = YES;
				CLANG_WARN_BOOL_CONVERSION = YES;
				CLANG_WARN_CONSTANT_CONVERSION = YES;
				CLANG_WARN_DIRECT_OBJC_ISA_USAGE = YES_ERROR;
				CLANG_WARN_EMPTY_BODY = YES;
				CLANG_WARN_ENUM_CONVERSION = YES;
				CLANG_WARN_INT_CONVERSION = YES;
				CLANG_WARN_OBJC_ROOT_CLASS = YES_ERROR;
				CLANG_WARN_UNREACHABLE_CODE = YES;
				CLANG_WARN__DUPLICATE_METHOD_MATCH = YES;
				"CODE_SIGN_IDENTITY[sdk=iphoneos*]" = "iPhone Developer";
				COPY_PHASE_STRIP = NO;
				ENABLE_STRICT_OBJC_MSGSEND = YES;
				GCC_C_LANGUAGE_STANDARD = gnu99;
				GCC_DYNAMIC_NO_PIC = NO;
				GCC_OPTIMIZATION_LEVEL = 0;
				GCC_PREPROCESSOR_DEFINITIONS = (
					"DEBUG=1",
					"$(inherited)",
				);
				GCC_SYMBOLS_PRIVATE_EXTERN = NO;
				GCC_WARN_64_TO_32_BIT_CONVERSION = YES;
				GCC_WARN_ABOUT_RETURN_TYPE = YES_ERROR;
				GCC_WARN_UNDECLARED_SELECTOR = YES;
				GCC_WARN_UNINITIALIZED_AUTOS = YES_AGGRESSIVE;
				GCC_WARN_UNUSED_FUNCTION = YES;
				GCC_WARN_UNUSED_VARIABLE = YES;
				IPHONEOS_DEPLOYMENT_TARGET = 8.0;
				METAL_ENABLE_DEBUG_INFO = YES;
				ONLY_ACTIVE_ARCH = YES;
				SDKROOT = iphoneos;
				SWIFT_OPTIMIZATION_LEVEL = "-Onone";
			};
			name = Debug;
		};
		72E128AA19514BDE00FF58A8 /* Release */ = {
			isa = XCBuildConfiguration;
			buildSettings = {
				ALWAYS_SEARCH_USER_PATHS = NO;
				CLANG_CXX_LANGUAGE_STANDARD = "gnu++0x";
				CLANG_CXX_LIBRARY = "libc++";
				CLANG_ENABLE_MODULES = YES;
				CLANG_ENABLE_OBJC_ARC = YES;
				CLANG_WARN_BOOL_CONVERSION = YES;
				CLANG_WARN_CONSTANT_CONVERSION = YES;
				CLANG_WARN_DIRECT_OBJC_ISA_USAGE = YES_ERROR;
				CLANG_WARN_EMPTY_BODY = YES;
				CLANG_WARN_ENUM_CONVERSION = YES;
				CLANG_WARN_INT_CONVERSION = YES;
				CLANG_WARN_OBJC_ROOT_CLASS = YES_ERROR;
				CLANG_WARN_UNREACHABLE_CODE = YES;
				CLANG_WARN__DUPLICATE_METHOD_MATCH = YES;
				"CODE_SIGN_IDENTITY[sdk=iphoneos*]" = "iPhone Developer";
				COPY_PHASE_STRIP = YES;
				ENABLE_NS_ASSERTIONS = NO;
				ENABLE_STRICT_OBJC_MSGSEND = YES;
				GCC_C_LANGUAGE_STANDARD = gnu99;
				GCC_WARN_64_TO_32_BIT_CONVERSION = YES;
				GCC_WARN_ABOUT_RETURN_TYPE = YES_ERROR;
				GCC_WARN_UNDECLARED_SELECTOR = YES;
				GCC_WARN_UNINITIALIZED_AUTOS = YES_AGGRESSIVE;
				GCC_WARN_UNUSED_FUNCTION = YES;
				GCC_WARN_UNUSED_VARIABLE = YES;
				IPHONEOS_DEPLOYMENT_TARGET = 8.0;
				METAL_ENABLE_DEBUG_INFO = NO;
				SDKROOT = iphoneos;
				VALIDATE_PRODUCT = YES;
			};
			name = Release;
		};
		72E128AC19514BDE00FF58A8 /* Debug */ = {
			isa = XCBuildConfiguration;
			buildSettings = {
				ASSETCATALOG_COMPILER_APPICON_NAME = AppIcon;
				ASSETCATALOG_COMPILER_LAUNCHIMAGE_NAME = LaunchImage;
				INFOPLIST_FILE = SwiftAutoLayout/Info.plist;
				LD_RUNPATH_SEARCH_PATHS = "$(inherited) @executable_path/Frameworks";
				PRODUCT_NAME = "$(TARGET_NAME)";
			};
			name = Debug;
		};
		72E128AD19514BDE00FF58A8 /* Release */ = {
			isa = XCBuildConfiguration;
			buildSettings = {
				ASSETCATALOG_COMPILER_APPICON_NAME = AppIcon;
				ASSETCATALOG_COMPILER_LAUNCHIMAGE_NAME = LaunchImage;
				INFOPLIST_FILE = SwiftAutoLayout/Info.plist;
				LD_RUNPATH_SEARCH_PATHS = "$(inherited) @executable_path/Frameworks";
				PRODUCT_NAME = "$(TARGET_NAME)";
			};
			name = Release;
		};
		72E128AF19514BDE00FF58A8 /* Debug */ = {
			isa = XCBuildConfiguration;
			buildSettings = {
				BUNDLE_LOADER = "$(BUILT_PRODUCTS_DIR)/SwiftAutoLayout.app/SwiftAutoLayout";
				FRAMEWORK_SEARCH_PATHS = (
					"$(SDKROOT)/Developer/Library/Frameworks",
					"$(inherited)",
				);
				GCC_PREPROCESSOR_DEFINITIONS = (
					"DEBUG=1",
					"$(inherited)",
				);
				INFOPLIST_FILE = SwiftAutoLayoutTests/Info.plist;
				LD_RUNPATH_SEARCH_PATHS = "$(inherited) @executable_path/Frameworks @loader_path/Frameworks";
				METAL_ENABLE_DEBUG_INFO = YES;
				PRODUCT_NAME = "$(TARGET_NAME)";
				TEST_HOST = "$(BUNDLE_LOADER)";
			};
			name = Debug;
		};
		72E128B019514BDE00FF58A8 /* Release */ = {
			isa = XCBuildConfiguration;
			buildSettings = {
				BUNDLE_LOADER = "$(BUILT_PRODUCTS_DIR)/SwiftAutoLayout.app/SwiftAutoLayout";
				FRAMEWORK_SEARCH_PATHS = (
					"$(SDKROOT)/Developer/Library/Frameworks",
					"$(inherited)",
				);
				INFOPLIST_FILE = SwiftAutoLayoutTests/Info.plist;
				LD_RUNPATH_SEARCH_PATHS = "$(inherited) @executable_path/Frameworks @loader_path/Frameworks";
				METAL_ENABLE_DEBUG_INFO = NO;
				PRODUCT_NAME = "$(TARGET_NAME)";
				TEST_HOST = "$(BUNDLE_LOADER)";
			};
			name = Release;
		};
/* End XCBuildConfiguration section */

/* Begin XCConfigurationList section */
		72E1288F19514BDE00FF58A8 /* Build configuration list for PBXProject "SwiftAutoLayout" */ = {
			isa = XCConfigurationList;
			buildConfigurations = (
				72E128A919514BDE00FF58A8 /* Debug */,
				72E128AA19514BDE00FF58A8 /* Release */,
			);
			defaultConfigurationIsVisible = 0;
			defaultConfigurationName = Release;
		};
		72E128AB19514BDE00FF58A8 /* Build configuration list for PBXNativeTarget "SwiftAutoLayout" */ = {
			isa = XCConfigurationList;
			buildConfigurations = (
				72E128AC19514BDE00FF58A8 /* Debug */,
				72E128AD19514BDE00FF58A8 /* Release */,
			);
			defaultConfigurationIsVisible = 0;
			defaultConfigurationName = Release;
		};
		72E128AE19514BDE00FF58A8 /* Build configuration list for PBXNativeTarget "SwiftAutoLayoutTests" */ = {
			isa = XCConfigurationList;
			buildConfigurations = (
				72E128AF19514BDE00FF58A8 /* Debug */,
				72E128B019514BDE00FF58A8 /* Release */,
			);
			defaultConfigurationIsVisible = 0;
			defaultConfigurationName = Release;
		};
/* End XCConfigurationList section */
	};
	rootObject = 72E1288C19514BDE00FF58A8 /* Project object */;
}
